// !$*UTF8*$!
{
	archiveVersion = 1;
	classes = {
	};
	objectVersion = 46;
	objects = {

/* Begin PBXBuildFile section */
		F6125C261DA773DE007DCEEA /* UIImage+AixCategory.m in Sources */ = {isa = PBXBuildFile; fileRef = F6125C251DA773DE007DCEEA /* UIImage+AixCategory.m */; };
		F6125C291DA7787E007DCEEA /* UIView+AixCategory.m in Sources */ = {isa = PBXBuildFile; fileRef = F6125C281DA7787E007DCEEA /* UIView+AixCategory.m */; };
		F6125C2C1DA7809D007DCEEA /* UIBarButtonItem+AixCatrgory.m in Sources */ = {isa = PBXBuildFile; fileRef = F6125C2B1DA7809D007DCEEA /* UIBarButtonItem+AixCatrgory.m */; };
		F6125C2F1DA7C251007DCEEA /* UIColor+AixCategory.m in Sources */ = {isa = PBXBuildFile; fileRef = F6125C2E1DA7C251007DCEEA /* UIColor+AixCategory.m */; };
		F6125C321DA7C35D007DCEEA /* NSString+AixCategory.m in Sources */ = {isa = PBXBuildFile; fileRef = F6125C311DA7C35D007DCEEA /* NSString+AixCategory.m */; };
		F64BEBA11D9E42EE004A1744 /* main.m in Sources */ = {isa = PBXBuildFile; fileRef = F64BEBA01D9E42EE004A1744 /* main.m */; };
		F64BEBA41D9E42EE004A1744 /* AppDelegate.m in Sources */ = {isa = PBXBuildFile; fileRef = F64BEBA31D9E42EE004A1744 /* AppDelegate.m */; };
		F64BEBA71D9E42EE004A1744 /* ViewController.m in Sources */ = {isa = PBXBuildFile; fileRef = F64BEBA61D9E42EE004A1744 /* ViewController.m */; };
		F64BEBAA1D9E42EE004A1744 /* Main.storyboard in Resources */ = {isa = PBXBuildFile; fileRef = F64BEBA81D9E42EE004A1744 /* Main.storyboard */; };
		F64BEBAC1D9E42EE004A1744 /* Assets.xcassets in Resources */ = {isa = PBXBuildFile; fileRef = F64BEBAB1D9E42EE004A1744 /* Assets.xcassets */; };
		F64BEBAF1D9E42EE004A1744 /* LaunchScreen.storyboard in Resources */ = {isa = PBXBuildFile; fileRef = F64BEBAD1D9E42EE004A1744 /* LaunchScreen.storyboard */; };
		F64BEBBA1D9E4493004A1744 /* UIDevice+AixCategory.m in Sources */ = {isa = PBXBuildFile; fileRef = F64BEBB91D9E4493004A1744 /* UIDevice+AixCategory.m */; };
		F64BEBC21D9E53E8004A1744 /* UIApplication+AixCategory.m in Sources */ = {isa = PBXBuildFile; fileRef = F64BEBC11D9E53E8004A1744 /* UIApplication+AixCategory.m */; };
/* End PBXBuildFile section */

/* Begin PBXFileReference section */
		F6125C241DA773DE007DCEEA /* UIImage+AixCategory.h */ = {isa = PBXFileReference; fileEncoding = 4; lastKnownFileType = sourcecode.c.h; path = "UIImage+AixCategory.h"; sourceTree = "<group>"; };
		F6125C251DA773DE007DCEEA /* UIImage+AixCategory.m */ = {isa = PBXFileReference; fileEncoding = 4; lastKnownFileType = sourcecode.c.objc; path = "UIImage+AixCategory.m"; sourceTree = "<group>"; };
		F6125C271DA7787E007DCEEA /* UIView+AixCategory.h */ = {isa = PBXFileReference; fileEncoding = 4; lastKnownFileType = sourcecode.c.h; path = "UIView+AixCategory.h"; sourceTree = "<group>"; };
		F6125C281DA7787E007DCEEA /* UIView+AixCategory.m */ = {isa = PBXFileReference; fileEncoding = 4; lastKnownFileType = sourcecode.c.objc; path = "UIView+AixCategory.m"; sourceTree = "<group>"; };
		F6125C2A1DA7809D007DCEEA /* UIBarButtonItem+AixCatrgory.h */ = {isa = PBXFileReference; fileEncoding = 4; lastKnownFileType = sourcecode.c.h; path = "UIBarButtonItem+AixCatrgory.h"; sourceTree = "<group>"; };
		F6125C2B1DA7809D007DCEEA /* UIBarButtonItem+AixCatrgory.m */ = {isa = PBXFileReference; fileEncoding = 4; lastKnownFileType = sourcecode.c.objc; path = "UIBarButtonItem+AixCatrgory.m"; sourceTree = "<group>"; };
		F6125C2D1DA7C251007DCEEA /* UIColor+AixCategory.h */ = {isa = PBXFileReference; fileEncoding = 4; lastKnownFileType = sourcecode.c.h; path = "UIColor+AixCategory.h"; sourceTree = "<group>"; };
		F6125C2E1DA7C251007DCEEA /* UIColor+AixCategory.m */ = {isa = PBXFileReference; fileEncoding = 4; lastKnownFileType = sourcecode.c.objc; path = "UIColor+AixCategory.m"; sourceTree = "<group>"; };
		F6125C301DA7C35D007DCEEA /* NSString+AixCategory.h */ = {isa = PBXFileReference; fileEncoding = 4; lastKnownFileType = sourcecode.c.h; path = "NSString+AixCategory.h"; sourceTree = "<group>"; };
		F6125C311DA7C35D007DCEEA /* NSString+AixCategory.m */ = {isa = PBXFileReference; fileEncoding = 4; lastKnownFileType = sourcecode.c.objc; path = "NSString+AixCategory.m"; sourceTree = "<group>"; };
		F64BEB9C1D9E42EE004A1744 /* AixCategorys.app */ = {isa = PBXFileReference; explicitFileType = wrapper.application; includeInIndex = 0; path = AixCategorys.app; sourceTree = BUILT_PRODUCTS_DIR; };
		F64BEBA01D9E42EE004A1744 /* main.m */ = {isa = PBXFileReference; lastKnownFileType = sourcecode.c.objc; path = main.m; sourceTree = "<group>"; };
		F64BEBA21D9E42EE004A1744 /* AppDelegate.h */ = {isa = PBXFileReference; lastKnownFileType = sourcecode.c.h; path = AppDelegate.h; sourceTree = "<group>"; };
		F64BEBA31D9E42EE004A1744 /* AppDelegate.m */ = {isa = PBXFileReference; lastKnownFileType = sourcecode.c.objc; path = AppDelegate.m; sourceTree = "<group>"; };
		F64BEBA51D9E42EE004A1744 /* ViewController.h */ = {isa = PBXFileReference; lastKnownFileType = sourcecode.c.h; path = ViewController.h; sourceTree = "<group>"; };
		F64BEBA61D9E42EE004A1744 /* ViewController.m */ = {isa = PBXFileReference; lastKnownFileType = sourcecode.c.objc; path = ViewController.m; sourceTree = "<group>"; };
		F64BEBA91D9E42EE004A1744 /* Base */ = {isa = PBXFileReference; lastKnownFileType = file.storyboard; name = Base; path = Base.lproj/Main.storyboard; sourceTree = "<group>"; };
		F64BEBAB1D9E42EE004A1744 /* Assets.xcassets */ = {isa = PBXFileReference; lastKnownFileType = folder.assetcatalog; path = Assets.xcassets; sourceTree = "<group>"; };
		F64BEBAE1D9E42EE004A1744 /* Base */ = {isa = PBXFileReference; lastKnownFileType = file.storyboard; name = Base; path = Base.lproj/LaunchScreen.storyboard; sourceTree = "<group>"; };
		F64BEBB01D9E42EE004A1744 /* Info.plist */ = {isa = PBXFileReference; lastKnownFileType = text.plist.xml; path = Info.plist; sourceTree = "<group>"; };
		F64BEBB81D9E4493004A1744 /* UIDevice+AixCategory.h */ = {isa = PBXFileReference; fileEncoding = 4; lastKnownFileType = sourcecode.c.h; path = "UIDevice+AixCategory.h"; sourceTree = "<group>"; };
		F64BEBB91D9E4493004A1744 /* UIDevice+AixCategory.m */ = {isa = PBXFileReference; fileEncoding = 4; lastKnownFileType = sourcecode.c.objc; path = "UIDevice+AixCategory.m"; sourceTree = "<group>"; };
		F64BEBC01D9E53E8004A1744 /* UIApplication+AixCategory.h */ = {isa = PBXFileReference; fileEncoding = 4; lastKnownFileType = sourcecode.c.h; path = "UIApplication+AixCategory.h"; sourceTree = "<group>"; };
		F64BEBC11D9E53E8004A1744 /* UIApplication+AixCategory.m */ = {isa = PBXFileReference; fileEncoding = 4; lastKnownFileType = sourcecode.c.objc; path = "UIApplication+AixCategory.m"; sourceTree = "<group>"; };
/* End PBXFileReference section */

/* Begin PBXFrameworksBuildPhase section */
		F64BEB991D9E42EE004A1744 /* Frameworks */ = {
			isa = PBXFrameworksBuildPhase;
			buildActionMask = 2147483647;
			files = (
			);
			runOnlyForDeploymentPostprocessing = 0;
		};
/* End PBXFrameworksBuildPhase section */

/* Begin PBXGroup section */
		F64BEB931D9E42EE004A1744 = {
			isa = PBXGroup;
			children = (
				F64BEB9E1D9E42EE004A1744 /* AixCategorys */,
				F64BEB9D1D9E42EE004A1744 /* Products */,
			);
			sourceTree = "<group>";
		};
		F64BEB9D1D9E42EE004A1744 /* Products */ = {
			isa = PBXGroup;
			children = (
				F64BEB9C1D9E42EE004A1744 /* AixCategorys.app */,
			);
			name = Products;
			sourceTree = "<group>";
		};
		F64BEB9E1D9E42EE004A1744 /* AixCategorys */ = {
			isa = PBXGroup;
			children = (
				F64BEBA21D9E42EE004A1744 /* AppDelegate.h */,
				F64BEBA31D9E42EE004A1744 /* AppDelegate.m */,
				F64BEBA51D9E42EE004A1744 /* ViewController.h */,
				F64BEBA61D9E42EE004A1744 /* ViewController.m */,
				F64BEBB71D9E4411004A1744 /* UIKit */,
				F64BEBB61D9E43E1004A1744 /* FoundationKit */,
				F64BEBA81D9E42EE004A1744 /* Main.storyboard */,
				F64BEBAB1D9E42EE004A1744 /* Assets.xcassets */,
				F64BEBAD1D9E42EE004A1744 /* LaunchScreen.storyboard */,
				F64BEBB01D9E42EE004A1744 /* Info.plist */,
				F64BEB9F1D9E42EE004A1744 /* Supporting Files */,
			);
			path = AixCategorys;
			sourceTree = "<group>";
		};
		F64BEB9F1D9E42EE004A1744 /* Supporting Files */ = {
			isa = PBXGroup;
			children = (
				F64BEBA01D9E42EE004A1744 /* main.m */,
			);
			name = "Supporting Files";
			sourceTree = "<group>";
		};
		F64BEBB61D9E43E1004A1744 /* FoundationKit */ = {
			isa = PBXGroup;
			children = (
				F6125C301DA7C35D007DCEEA /* NSString+AixCategory.h */,
				F6125C311DA7C35D007DCEEA /* NSString+AixCategory.m */,
			);
			path = FoundationKit;
			sourceTree = "<group>";
		};
		F64BEBB71D9E4411004A1744 /* UIKit */ = {
			isa = PBXGroup;
			children = (
				F64BEBB81D9E4493004A1744 /* UIDevice+AixCategory.h */,
				F64BEBB91D9E4493004A1744 /* UIDevice+AixCategory.m */,
				F64BEBC01D9E53E8004A1744 /* UIApplication+AixCategory.h */,
				F64BEBC11D9E53E8004A1744 /* UIApplication+AixCategory.m */,
				F6125C241DA773DE007DCEEA /* UIImage+AixCategory.h */,
				F6125C251DA773DE007DCEEA /* UIImage+AixCategory.m */,
				F6125C271DA7787E007DCEEA /* UIView+AixCategory.h */,
				F6125C281DA7787E007DCEEA /* UIView+AixCategory.m */,
				F6125C2A1DA7809D007DCEEA /* UIBarButtonItem+AixCatrgory.h */,
				F6125C2B1DA7809D007DCEEA /* UIBarButtonItem+AixCatrgory.m */,
				F6125C2D1DA7C251007DCEEA /* UIColor+AixCategory.h */,
				F6125C2E1DA7C251007DCEEA /* UIColor+AixCategory.m */,
			);
			path = UIKit;
			sourceTree = "<group>";
		};
/* End PBXGroup section */

/* Begin PBXNativeTarget section */
		F64BEB9B1D9E42EE004A1744 /* AixCategorys */ = {
			isa = PBXNativeTarget;
			buildConfigurationList = F64BEBB31D9E42EE004A1744 /* Build configuration list for PBXNativeTarget "AixCategorys" */;
			buildPhases = (
				F64BEB981D9E42EE004A1744 /* Sources */,
				F64BEB991D9E42EE004A1744 /* Frameworks */,
				F64BEB9A1D9E42EE004A1744 /* Resources */,
			);
			buildRules = (
			);
			dependencies = (
			);
			name = AixCategorys;
			productName = AixCategorys;
			productReference = F64BEB9C1D9E42EE004A1744 /* AixCategorys.app */;
			productType = "com.apple.product-type.application";
		};
/* End PBXNativeTarget section */

/* Begin PBXProject section */
		F64BEB941D9E42EE004A1744 /* Project object */ = {
			isa = PBXProject;
			attributes = {
				LastUpgradeCheck = 0800;
				ORGANIZATIONNAME = liuhongnian;
				TargetAttributes = {
					F64BEB9B1D9E42EE004A1744 = {
						CreatedOnToolsVersion = 8.0;
						DevelopmentTeam = 6C2R3R9CB5;
						ProvisioningStyle = Manual;
					};
				};
			};
			buildConfigurationList = F64BEB971D9E42EE004A1744 /* Build configuration list for PBXProject "AixCategorys" */;
			compatibilityVersion = "Xcode 3.2";
			developmentRegion = English;
			hasScannedForEncodings = 0;
			knownRegions = (
				en,
				Base,
			);
			mainGroup = F64BEB931D9E42EE004A1744;
			productRefGroup = F64BEB9D1D9E42EE004A1744 /* Products */;
			projectDirPath = "";
			projectRoot = "";
			targets = (
				F64BEB9B1D9E42EE004A1744 /* AixCategorys */,
			);
		};
/* End PBXProject section */

/* Begin PBXResourcesBuildPhase section */
		F64BEB9A1D9E42EE004A1744 /* Resources */ = {
			isa = PBXResourcesBuildPhase;
			buildActionMask = 2147483647;
			files = (
				F64BEBAF1D9E42EE004A1744 /* LaunchScreen.storyboard in Resources */,
				F64BEBAC1D9E42EE004A1744 /* Assets.xcassets in Resources */,
				F64BEBAA1D9E42EE004A1744 /* Main.storyboard in Resources */,
			);
			runOnlyForDeploymentPostprocessing = 0;
		};
/* End PBXResourcesBuildPhase section */

/* Begin PBXSourcesBuildPhase section */
		F64BEB981D9E42EE004A1744 /* Sources */ = {
			isa = PBXSourcesBuildPhase;
			buildActionMask = 2147483647;
			files = (
				F64BEBC21D9E53E8004A1744 /* UIApplication+AixCategory.m in Sources */,
				F64BEBA71D9E42EE004A1744 /* ViewController.m in Sources */,
				F6125C321DA7C35D007DCEEA /* NSString+AixCategory.m in Sources */,
				F6125C261DA773DE007DCEEA /* UIImage+AixCategory.m in Sources */,
				F6125C2F1DA7C251007DCEEA /* UIColor+AixCategory.m in Sources */,
				F64BEBA41D9E42EE004A1744 /* AppDelegate.m in Sources */,
				F64BEBBA1D9E4493004A1744 /* UIDevice+AixCategory.m in Sources */,
				F6125C291DA7787E007DCEEA /* UIView+AixCategory.m in Sources */,
				F6125C2C1DA7809D007DCEEA /* UIBarButtonItem+AixCatrgory.m in Sources */,
				F64BEBA11D9E42EE004A1744 /* main.m in Sources */,
			);
			runOnlyForDeploymentPostprocessing = 0;
		};
/* End PBXSourcesBuildPhase section */

/* Begin PBXVariantGroup section */
		F64BEBA81D9E42EE004A1744 /* Main.storyboard */ = {
			isa = PBXVariantGroup;
			children = (
				F64BEBA91D9E42EE004A1744 /* Base */,
			);
			name = Main.storyboard;
			sourceTree = "<group>";
		};
		F64BEBAD1D9E42EE004A1744 /* LaunchScreen.storyboard */ = {
			isa = PBXVariantGroup;
			children = (
				F64BEBAE1D9E42EE004A1744 /* Base */,
			);
			name = LaunchScreen.storyboard;
			sourceTree = "<group>";
		};
/* End PBXVariantGroup section */

/* Begin XCBuildConfiguration section */
		F64BEBB11D9E42EE004A1744 /* Debug */ = {
			isa = XCBuildConfiguration;
			buildSettings = {
				ALWAYS_SEARCH_USER_PATHS = NO;
				CLANG_ANALYZER_NONNULL = YES;
				CLANG_CXX_LANGUAGE_STANDARD = "gnu++0x";
				CLANG_CXX_LIBRARY = "libc++";
				CLANG_ENABLE_MODULES = YES;
				CLANG_ENABLE_OBJC_ARC = YES;
				CLANG_WARN_BOOL_CONVERSION = YES;
				CLANG_WARN_CONSTANT_CONVERSION = YES;
				CLANG_WARN_DIRECT_OBJC_ISA_USAGE = YES_ERROR;
				CLANG_WARN_DOCUMENTATION_COMMENTS = YES;
				CLANG_WARN_EMPTY_BODY = YES;
				CLANG_WARN_ENUM_CONVERSION = YES;
				CLANG_WARN_INFINITE_RECURSION = YES;
				CLANG_WARN_INT_CONVERSION = YES;
				CLANG_WARN_OBJC_ROOT_CLASS = YES_ERROR;
				CLANG_WARN_SUSPICIOUS_MOVES = YES;
				CLANG_WARN_UNREACHABLE_CODE = YES;
				CLANG_WARN__DUPLICATE_METHOD_MATCH = YES;
				"CODE_SIGN_IDENTITY[sdk=iphoneos*]" = "iPhone Developer";
				COPY_PHASE_STRIP = NO;
				DEBUG_INFORMATION_FORMAT = dwarf;
				ENABLE_STRICT_OBJC_MSGSEND = YES;
				ENABLE_TESTABILITY = YES;
				GCC_C_LANGUAGE_STANDARD = gnu99;
				GCC_DYNAMIC_NO_PIC = NO;
				GCC_NO_COMMON_BLOCKS = YES;
				GCC_OPTIMIZATION_LEVEL = 0;
				GCC_PREPROCESSOR_DEFINITIONS = (
					"DEBUG=1",
					"$(inherited)",
				);
				GCC_WARN_64_TO_32_BIT_CONVERSION = YES;
				GCC_WARN_ABOUT_RETURN_TYPE = YES_ERROR;
				GCC_WARN_UNDECLARED_SELECTOR = YES;
				GCC_WARN_UNINITIALIZED_AUTOS = YES_AGGRESSIVE;
				GCC_WARN_UNUSED_FUNCTION = YES;
				GCC_WARN_UNUSED_VARIABLE = YES;
				IPHONEOS_DEPLOYMENT_TARGET = 10.0;
				MTL_ENABLE_DEBUG_INFO = YES;
				ONLY_ACTIVE_ARCH = YES;
				SDKROOT = iphoneos;
			};
			name = Debug;
		};
		F64BEBB21D9E42EE004A1744 /* Release */ = {
			isa = XCBuildConfiguration;
			buildSettings = {
				ALWAYS_SEARCH_USER_PATHS = NO;
				CLANG_ANALYZER_NONNULL = YES;
				CLANG_CXX_LANGUAGE_STANDARD = "gnu++0x";
				CLANG_CXX_LIBRARY = "libc++";
				CLANG_ENABLE_MODULES = YES;
				CLANG_ENABLE_OBJC_ARC = YES;
				CLANG_WARN_BOOL_CONVERSION = YES;
				CLANG_WARN_CONSTANT_CONVERSION = YES;
				CLANG_WARN_DIRECT_OBJC_ISA_USAGE = YES_ERROR;
				CLANG_WARN_DOCUMENTATION_COMMENTS = YES;
				CLANG_WARN_EMPTY_BODY = YES;
				CLANG_WARN_ENUM_CONVERSION = YES;
				CLANG_WARN_INFINITE_RECURSION = YES;
				CLANG_WARN_INT_CONVERSION = YES;
				CLANG_WARN_OBJC_ROOT_CLASS = YES_ERROR;
				CLANG_WARN_SUSPICIOUS_MOVES = YES;
				CLANG_WARN_UNREACHABLE_CODE = YES;
				CLANG_WARN__DUPLICATE_METHOD_MATCH = YES;
				"CODE_SIGN_IDENTITY[sdk=iphoneos*]" = "iPhone Developer";
				COPY_PHASE_STRIP = NO;
				DEBUG_INFORMATION_FORMAT = "dwarf-with-dsym";
				ENABLE_NS_ASSERTIONS = NO;
				ENABLE_STRICT_OBJC_MSGSEND = YES;
				GCC_C_LANGUAGE_STANDARD = gnu99;
				GCC_NO_COMMON_BLOCKS = YES;
				GCC_WARN_64_TO_32_BIT_CONVERSION = YES;
				GCC_WARN_ABOUT_RETURN_TYPE = YES_ERROR;
				GCC_WARN_UNDECLARED_SELECTOR = YES;
				GCC_WARN_UNINITIALIZED_AUTOS = YES_AGGRESSIVE;
				GCC_WARN_UNUSED_FUNCTION = YES;
				GCC_WARN_UNUSED_VARIABLE = YES;
				IPHONEOS_DEPLOYMENT_TARGET = 10.0;
				MTL_ENABLE_DEBUG_INFO = NO;
				SDKROOT = iphoneos;
				VALIDATE_PRODUCT = YES;
			};
			name = Release;
		};
		F64BEBB41D9E42EE004A1744 /* Debug */ = {
			isa = XCBuildConfiguration;
			buildSettings = {
				ASSETCATALOG_COMPILER_APPICON_NAME = AppIcon;
				DEVELOPMENT_TEAM = 6C2R3R9CB5;
				INFOPLIST_FILE = AixCategorys/Info.plist;
				IPHONEOS_DEPLOYMENT_TARGET = 8.0;
				LD_RUNPATH_SEARCH_PATHS = "$(inherited) @executable_path/Frameworks";
				PRODUCT_BUNDLE_IDENTIFIER = com.cz001.AixCategorys;
				PRODUCT_NAME = "$(TARGET_NAME)";
				PROVISIONING_PROFILE = "fbe829f5-ed57-44d4-ae97-834011b5a6f1";
				PROVISIONING_PROFILE_SPECIFIER = "*";
			};
			name = Debug;
		};
		F64BEBB51D9E42EE004A1744 /* Release */ = {
			isa = XCBuildConfiguration;
			buildSettings = {
				ASSETCATALOG_COMPILER_APPICON_NAME = AppIcon;
				DEVELOPMENT_TEAM = "";
				INFOPLIST_FILE = AixCategorys/Info.plist;
				IPHONEOS_DEPLOYMENT_TARGET = 8.0;
				LD_RUNPATH_SEARCH_PATHS = "$(inherited) @executable_path/Frameworks";
				PRODUCT_BUNDLE_IDENTIFIER = com.cz001.AixCategorys;
				PRODUCT_NAME = "$(TARGET_NAME)";
			};
			name = Release;
		};
/* End XCBuildConfiguration section */

/* Begin XCConfigurationList section */
		F64BEB971D9E42EE004A1744 /* Build configuration list for PBXProject "AixCategorys" */ = {
			isa = XCConfigurationList;
			buildConfigurations = (
				F64BEBB11D9E42EE004A1744 /* Debug */,
				F64BEBB21D9E42EE004A1744 /* Release */,
			);
			defaultConfigurationIsVisible = 0;
			defaultConfigurationName = Release;
		};
		F64BEBB31D9E42EE004A1744 /* Build configuration list for PBXNativeTarget "AixCategorys" */ = {
			isa = XCConfigurationList;
			buildConfigurations = (
				F64BEBB41D9E42EE004A1744 /* Debug */,
				F64BEBB51D9E42EE004A1744 /* Release */,
			);
			defaultConfigurationIsVisible = 0;
			defaultConfigurationName = Release;
		};
/* End XCConfigurationList section */
	};
	rootObject = F64BEB941D9E42EE004A1744 /* Project object */;
}
